
Microsoft Visual Studio Solution File, Format Version 12.00
# Visual Studio Version 16
VisualStudioVersion = 16.0.29020.237
MinimumVisualStudioVersion = 10.0.40219.1
Project("{FAE04EC0-301F-11D3-BF4B-00C04F79EFBC}") = "ProyectoISOO_", "ProyectoISOO_\ProyectoISOO_.csproj", "{3DD7DC12-6A56-4B6B-ACF6-C289220743D2}"
EndProject
Global
	GlobalSection(SolutionConfigurationPlatforms) = preSolution
		Debug|Any CPU = Debug|Any CPU
		Release|Any CPU = Release|Any CPU
	EndGlobalSection
	GlobalSection(ProjectConfigurationPlatforms) = postSolution
		{3DD7DC12-6A56-4B6B-ACF6-C289220743D2}.Debug|Any CPU.ActiveCfg = Debug|Any CPU
		{3DD7DC12-6A56-4B6B-ACF6-C289220743D2}.Debug|Any CPU.Build.0 = Debug|Any CPU
		{3DD7DC12-6A56-4B6B-ACF6-C289220743D2}.Release|Any CPU.ActiveCfg = Release|Any CPU
		{3DD7DC12-6A56-4B6B-ACF6-C289220743D2}.Release|Any CPU.Build.0 = Release|Any CPU
	EndGlobalSection
	GlobalSection(SolutionProperties) = preSolution
		HideSolutionNode = FALSE
	EndGlobalSection
	GlobalSection(ExtensibilityGlobals) = postSolution
		SolutionGuid = {54A0EC90-1E54-42A5-AB23-E359C30946F6}
	EndGlobalSection
EndGlobal
